{
  "nodes": {
    "nix-packages": {
      "locked": {
        "lastModified": 1695318763,
        "narHash": "sha256-FHVPDRP2AfvsxAdc+AsgFJevMz5VBmnZglFUMlxBkcY=",
        "owner": "nixos",
        "repo": "nixpkgs",
        "rev": "e12483116b3b51a185a33a272bf351e357ba9a99",
        "type": "github"
      },
      "original": {
        "owner": "nixos",
        "ref": "nixpkgs-unstable",
        "repo": "nixpkgs",
        "type": "github"
      }
    },
    "nixos-packages": {
      "locked": {
        "lastModified": 1695346609,
        "narHash": "sha256-jur+AjgRvablLA2oBvC4FD89zCXttVQDwi6OXk5x/14=",
        "owner": "nixos",
        "repo": "nixpkgs",
        "rev": "e9b4b56e5a20ac322c0c01ccab7ec697ab076ea0",
        "type": "github"
      },
      "original": {
        "owner": "nixos",
        "ref": "nixos-23.05",
        "repo": "nixpkgs",
        "type": "github"
      }
    },
    "root": {
      "inputs": {
        "nix-packages": "nix-packages",
        "nixos-packages": "nixos-packages"
      }
    }
  },
  "root": "root",
  "version": 7
}
